
Microsoft Visual Studio Solution File, Format Version 12.00
# Visual Studio 2013
VisualStudioVersion = 12.0.40629.0
MinimumVisualStudioVersion = 10.0.40219.1
Project("{FAE04EC0-301F-11D3-BF4B-00C04F79EFBC}") = "MyFirstMvcApp", "MyFirstMvcApp\MyFirstMvcApp.csproj", "{9FFF4AD1-77E7-4793-B9D3-4C44F7777364}"
EndProject
Project("{FAE04EC0-301F-11D3-BF4B-00C04F79EFBC}") = "EncryptStringSample", "EncryptStringSample\EncryptStringSample.csproj", "{B7932FE1-8974-4FC2-940E-D72464C5F3BD}"
EndProject
Global
	GlobalSection(SolutionConfigurationPlatforms) = preSolution
		Debug|Any CPU = Debug|Any CPU
		Release|Any CPU = Release|Any CPU
	EndGlobalSection
	GlobalSection(ProjectConfigurationPlatforms) = postSolution
		{9FFF4AD1-77E7-4793-B9D3-4C44F7777364}.Debug|Any CPU.ActiveCfg = Debug|Any CPU
		{9FFF4AD1-77E7-4793-B9D3-4C44F7777364}.Debug|Any CPU.Build.0 = Debug|Any CPU
		{9FFF4AD1-77E7-4793-B9D3-4C44F7777364}.Release|Any CPU.ActiveCfg = Release|Any CPU
		{9FFF4AD1-77E7-4793-B9D3-4C44F7777364}.Release|Any CPU.Build.0 = Release|Any CPU
		{B7932FE1-8974-4FC2-940E-D72464C5F3BD}.Debug|Any CPU.ActiveCfg = Debug|Any CPU
		{B7932FE1-8974-4FC2-940E-D72464C5F3BD}.Debug|Any CPU.Build.0 = Debug|Any CPU
		{B7932FE1-8974-4FC2-940E-D72464C5F3BD}.Release|Any CPU.ActiveCfg = Release|Any CPU
		{B7932FE1-8974-4FC2-940E-D72464C5F3BD}.Release|Any CPU.Build.0 = Release|Any CPU
	EndGlobalSection
	GlobalSection(SolutionProperties) = preSolution
		HideSolutionNode = FALSE
	EndGlobalSection
EndGlobal
